
Microsoft Visual Studio Solution File, Format Version 12.00
# Visual Studio 15
Project("{FAE04EC0-301F-11D3-BF4B-00C04F79EFBC}") = "UnityEngine.UI", "UnityEngine.UI.csproj", "{9FA8F263-1C13-574F-D59A-9F5BF167A8E1}"
EndProject
Project("{FAE04EC0-301F-11D3-BF4B-00C04F79EFBC}") = "Assembly-CSharp", "Assembly-CSharp.csproj", "{4CB84E54-E58A-1D6C-B05F-AB46DD90A0A6}"
EndProject
Project("{FAE04EC0-301F-11D3-BF4B-00C04F79EFBC}") = "UnityEditor.UI", "UnityEditor.UI.csproj", "{C8F1E5B4-FAD1-A0E1-45E9-8BCDEA0D1E40}"
EndProject
Project("{FAE04EC0-301F-11D3-BF4B-00C04F79EFBC}") = "Unity.2D.Sprite.Editor", "Unity.2D.Sprite.Editor.csproj", "{D9293CA6-6682-E4C3-8EF9-C99BE89CF447}"
EndProject
Project("{FAE04EC0-301F-11D3-BF4B-00C04F79EFBC}") = "Unity.2D.Tilemap.Editor", "Unity.2D.Tilemap.Editor.csproj", "{3C0C8552-90C5-D8D1-772B-C615D9913B4D}"
EndProject
Global
	GlobalSection(SolutionConfigurationPlatforms) = preSolution
		Debug|Any CPU = Debug|Any CPU
		Release|Any CPU = Release|Any CPU
	EndGlobalSection
	GlobalSection(ProjectConfigurationPlatforms) = postSolution
		{9FA8F263-1C13-574F-D59A-9F5BF167A8E1}.Debug|Any CPU.ActiveCfg = Debug|Any CPU
		{9FA8F263-1C13-574F-D59A-9F5BF167A8E1}.Debug|Any CPU.Build.0 = Debug|Any CPU
		{9FA8F263-1C13-574F-D59A-9F5BF167A8E1}.Release|Any CPU.ActiveCfg = Release|Any CPU
		{9FA8F263-1C13-574F-D59A-9F5BF167A8E1}.Release|Any CPU.Build.0 = Release|Any CPU
		{4CB84E54-E58A-1D6C-B05F-AB46DD90A0A6}.Debug|Any CPU.ActiveCfg = Debug|Any CPU
		{4CB84E54-E58A-1D6C-B05F-AB46DD90A0A6}.Debug|Any CPU.Build.0 = Debug|Any CPU
		{4CB84E54-E58A-1D6C-B05F-AB46DD90A0A6}.Release|Any CPU.ActiveCfg = Release|Any CPU
		{4CB84E54-E58A-1D6C-B05F-AB46DD90A0A6}.Release|Any CPU.Build.0 = Release|Any CPU
		{C8F1E5B4-FAD1-A0E1-45E9-8BCDEA0D1E40}.Debug|Any CPU.ActiveCfg = Debug|Any CPU
		{C8F1E5B4-FAD1-A0E1-45E9-8BCDEA0D1E40}.Debug|Any CPU.Build.0 = Debug|Any CPU
		{C8F1E5B4-FAD1-A0E1-45E9-8BCDEA0D1E40}.Release|Any CPU.ActiveCfg = Release|Any CPU
		{C8F1E5B4-FAD1-A0E1-45E9-8BCDEA0D1E40}.Release|Any CPU.Build.0 = Release|Any CPU
		{D9293CA6-6682-E4C3-8EF9-C99BE89CF447}.Debug|Any CPU.ActiveCfg = Debug|Any CPU
		{D9293CA6-6682-E4C3-8EF9-C99BE89CF447}.Debug|Any CPU.Build.0 = Debug|Any CPU
		{D9293CA6-6682-E4C3-8EF9-C99BE89CF447}.Release|Any CPU.ActiveCfg = Release|Any CPU
		{D9293CA6-6682-E4C3-8EF9-C99BE89CF447}.Release|Any CPU.Build.0 = Release|Any CPU
		{3C0C8552-90C5-D8D1-772B-C615D9913B4D}.Debug|Any CPU.ActiveCfg = Debug|Any CPU
		{3C0C8552-90C5-D8D1-772B-C615D9913B4D}.Debug|Any CPU.Build.0 = Debug|Any CPU
		{3C0C8552-90C5-D8D1-772B-C615D9913B4D}.Release|Any CPU.ActiveCfg = Release|Any CPU
		{3C0C8552-90C5-D8D1-772B-C615D9913B4D}.Release|Any CPU.Build.0 = Release|Any CPU
	EndGlobalSection
	GlobalSection(SolutionProperties) = preSolution
		HideSolutionNode = FALSE
	EndGlobalSection
EndGlobal
